{
  "lockfile_version": "1",
  "packages": {
    "github:NixOS/nixpkgs/nixpkgs-unstable": {
      "last_modified": "2025-06-08T16:50:33Z",
      "resolved": "github:NixOS/nixpkgs/08fcb0dcb59df0344652b38ea6326a2d8271baff?lastModified=1749401433&narHash=sha256-HXIQzULIG%2FMEUW2Q%2FSs47oE3QrjxvpUX7gUl4Xp6lnc%3D"
    },
    "nodePackages.jsonlint@latest": {
      "last_modified": "2025-05-21T18:43:04Z",
      "resolved": "github:NixOS/nixpkgs/8c441601c43232976179eac52dde704c8bdf81ed#nodePackages.jsonlint",
      "source": "devbox-search",
      "version": "1.6.3",
      "systems": {
        "aarch64-darwin": {
          "outputs": [
            {
              "name": "out",
              "path": "/nix/store/xagbfawpzybcjizsrw1w87amr3nqg8ix-jsonlint-1.6.3",
              "default": true
            }
          ],
          "store_path": "/nix/store/xagbfawpzybcjizsrw1w87amr3nqg8ix-jsonlint-1.6.3"
        },
        "aarch64-linux": {
          "outputs": [
            {
              "name": "out",
              "path": "/nix/store/rig3sq5jv4asfspbxa0w8m0fp6vqjfc5-jsonlint-1.6.3",
              "default": true
            }
          ],
          "store_path": "/nix/store/rig3sq5jv4asfspbxa0w8m0fp6vqjfc5-jsonlint-1.6.3"
        },
        "x86_64-darwin": {
          "outputs": [
            {
              "name": "out",
              "path": "/nix/store/k0sab4idir236l151i6amwwhr13dx8az-jsonlint-1.6.3",
              "default": true
            }
          ],
          "store_path": "/nix/store/k0sab4idir236l151i6amwwhr13dx8az-jsonlint-1.6.3"
        },
        "x86_64-linux": {
          "outputs": [
            {
              "name": "out",
              "path": "/nix/store/8z2816w8ja7q8n5kzbn2rcfm0znp4393-jsonlint-1.6.3",
              "default": true
            }
          ],
          "store_path": "/nix/store/8z2816w8ja7q8n5kzbn2rcfm0znp4393-jsonlint-1.6.3"
        }
      }
    },
    "shellcheck@latest": {
      "last_modified": "2025-05-16T20:19:48Z",
      "resolved": "github:NixOS/nixpkgs/12a55407652e04dcf2309436eb06fef0d3713ef3#shellcheck",
      "source": "devbox-search",
      "version": "0.10.0",
      "systems": {
        "aarch64-darwin": {
          "outputs": [
            {
              "name": "bin",
              "path": "/nix/store/4l7lf05gw9l0l84sssaxkwqb6arkx652-shellcheck-0.10.0-bin",
              "default": true
            },
            {
              "name": "man",
              "path": "/nix/store/f0fscjx6xa6kbczhav1bh0vq3w2pmwfn-shellcheck-0.10.0-man",
              "default": true
            },
            {
              "name": "doc",
              "path": "/nix/store/mwahkil7jkc2y4y0q3myrkicp366vb82-shellcheck-0.10.0-doc",
              "default": true
            },
            {
              "name": "out",
              "path": "/nix/store/fbj9729m17pdvlinsdqxnd8ddl4iirzm-shellcheck-0.10.0"
            }
          ],
          "store_path": "/nix/store/4l7lf05gw9l0l84sssaxkwqb6arkx652-shellcheck-0.10.0-bin"
        },
        "aarch64-linux": {
          "outputs": [
            {
              "name": "bin",
              "path": "/nix/store/irlalbizkr3bn83g1drmi4p4h4dx16i6-shellcheck-0.10.0-bin",
              "default": true
            },
            {
              "name": "man",
              "path": "/nix/store/zfpypv8l8py55rifk9yhzcis13z4sc5k-shellcheck-0.10.0-man",
              "default": true
            },
            {
              "name": "doc",
              "path": "/nix/store/c3s6fpb28bfm02vbpi9cvxpxyymzmx9n-shellcheck-0.10.0-doc",
              "default": true
            },
            {
              "name": "out",
              "path": "/nix/store/6lgybvih5m2qinh419qzn52q6k4fwf4m-shellcheck-0.10.0"
            }
          ],
          "store_path": "/nix/store/irlalbizkr3bn83g1drmi4p4h4dx16i6-shellcheck-0.10.0-bin"
        },
        "x86_64-darwin": {
          "outputs": [
            {
              "name": "bin",
              "path": "/nix/store/z8v7j4xkwswrx5vc05cfn9yp9sbxfkd2-shellcheck-0.10.0-bin",
              "default": true
            },
            {
              "name": "man",
              "path": "/nix/store/q88aiz7agllcjb8zflwlh23fm2wh431f-shellcheck-0.10.0-man",
              "default": true
            },
            {
              "name": "doc",
              "path": "/nix/store/df107d185wg9kqc03aaq1fcyl2bknjnc-shellcheck-0.10.0-doc",
              "default": true
            },
            {
              "name": "out",
              "path": "/nix/store/wz9qinlsaghahhj2bvlva9lgz3d8g07s-shellcheck-0.10.0"
            }
          ],
          "store_path": "/nix/store/z8v7j4xkwswrx5vc05cfn9yp9sbxfkd2-shellcheck-0.10.0-bin"
        },
        "x86_64-linux": {
          "outputs": [
            {
              "name": "bin",
              "path": "/nix/store/dw5aa0sf40aahg0fbwgfjwhjxnnrmipl-shellcheck-0.10.0-bin",
              "default": true
            },
            {
              "name": "man",
              "path": "/nix/store/6ksvcjrdzxn89ql0059g2hs0nmw0rf5v-shellcheck-0.10.0-man",
              "default": true
            },
            {
              "name": "doc",
              "path": "/nix/store/mfn1kxg9asp4nq4yrcr3niz5kfddaisf-shellcheck-0.10.0-doc",
              "default": true
            },
            {
              "name": "out",
              "path": "/nix/store/gxzk021q0f0h0jqwxiqikl1gkiih7qiq-shellcheck-0.10.0"
            }
          ],
          "store_path": "/nix/store/dw5aa0sf40aahg0fbwgfjwhjxnnrmipl-shellcheck-0.10.0-bin"
        }
      }
    },
    "yamllint@latest": {
      "last_modified": "2025-05-16T20:19:48Z",
      "resolved": "github:NixOS/nixpkgs/12a55407652e04dcf2309436eb06fef0d3713ef3#yamllint",
      "source": "devbox-search",
      "version": "1.37.1",
      "systems": {
        "aarch64-darwin": {
          "outputs": [
            {
              "name": "out",
              "path": "/nix/store/zpx2h1p689s0sq15pnm8hrwb1r8qiq2g-python3.12-yamllint-1.37.1",
              "default": true
            },
            {
              "name": "dist",
              "path": "/nix/store/cabqrzcssd4jz420wqnkf2ail19dhbd5-python3.12-yamllint-1.37.1-dist"
            }
          ],
          "store_path": "/nix/store/zpx2h1p689s0sq15pnm8hrwb1r8qiq2g-python3.12-yamllint-1.37.1"
        },
        "aarch64-linux": {
          "outputs": [
            {
              "name": "out",
              "path": "/nix/store/61rk661yf0an0kfpbmng1baqzdlpvxim-python3.12-yamllint-1.37.1",
              "default": true
            },
            {
              "name": "dist",
              "path": "/nix/store/7pr088lzbsq3n0pwnx5mz906asffwm09-python3.12-yamllint-1.37.1-dist"
            }
          ],
          "store_path": "/nix/store/61rk661yf0an0kfpbmng1baqzdlpvxim-python3.12-yamllint-1.37.1"
        },
        "x86_64-darwin": {
          "outputs": [
            {
              "name": "out",
              "path": "/nix/store/x8hq6b2bxxw6iq3nisvz4vq3x8rg8nw6-python3.12-yamllint-1.37.1",
              "default": true
            },
            {
              "name": "dist",
              "path": "/nix/store/87msznav6i4car58rjbpxz99p5q7zxas-python3.12-yamllint-1.37.1-dist"
            }
          ],
          "store_path": "/nix/store/x8hq6b2bxxw6iq3nisvz4vq3x8rg8nw6-python3.12-yamllint-1.37.1"
        },
        "x86_64-linux": {
          "outputs": [
            {
              "name": "out",
              "path": "/nix/store/r46xh5mckk2m9maai0bc2dx63jj84w5l-python3.12-yamllint-1.37.1",
              "default": true
            },
            {
              "name": "dist",
              "path": "/nix/store/armnb0mkgb4bi4bx01xhhzv5xlra8gh5-python3.12-yamllint-1.37.1-dist"
            }
          ],
          "store_path": "/nix/store/r46xh5mckk2m9maai0bc2dx63jj84w5l-python3.12-yamllint-1.37.1"
        }
      }
    }
  }
}
